
Microsoft Visual Studio Solution File, Format Version 12.00
# Visual Studio Version 16
VisualStudioVersion = 16.0.31515.178
MinimumVisualStudioVersion = 10.0.40219.1
Project("{FAE04EC0-301F-11D3-BF4B-00C04F79EFBC}") = "Project3", "Project3\Project3.csproj", "{62B1BCEF-4E21-4509-9311-67593F0753EC}"
EndProject
Global
	GlobalSection(SolutionConfigurationPlatforms) = preSolution
		Debug|Any CPU = Debug|Any CPU
		Release|Any CPU = Release|Any CPU
	EndGlobalSection
	GlobalSection(ProjectConfigurationPlatforms) = postSolution
		{62B1BCEF-4E21-4509-9311-67593F0753EC}.Debug|Any CPU.ActiveCfg = Debug|Any CPU
		{62B1BCEF-4E21-4509-9311-67593F0753EC}.Debug|Any CPU.Build.0 = Debug|Any CPU
		{62B1BCEF-4E21-4509-9311-67593F0753EC}.Release|Any CPU.ActiveCfg = Release|Any CPU
		{62B1BCEF-4E21-4509-9311-67593F0753EC}.Release|Any CPU.Build.0 = Release|Any CPU
	EndGlobalSection
	GlobalSection(SolutionProperties) = preSolution
		HideSolutionNode = FALSE
	EndGlobalSection
	GlobalSection(ExtensibilityGlobals) = postSolution
		SolutionGuid = {8B318F56-29FE-47F4-ACD5-A9A75CF19741}
	EndGlobalSection
EndGlobal
